
Microsoft Visual Studio Solution File, Format Version 12.00
# Visual Studio Version 17
VisualStudioVersion = 17.4.33213.308
MinimumVisualStudioVersion = 10.0.40219.1
Project("{9A19103F-16F7-4668-BE54-9A1E7A4F7556}") = "ClientManager", "ClientManager\ClientManager.csproj", "{EA76FE97-1A71-4856-A202-8E9354585412}"
EndProject
Global
	GlobalSection(SolutionConfigurationPlatforms) = preSolution
		Debug|Any CPU = Debug|Any CPU
		Release|Any CPU = Release|Any CPU
	EndGlobalSection
	GlobalSection(ProjectConfigurationPlatforms) = postSolution
		{EA76FE97-1A71-4856-A202-8E9354585412}.Debug|Any CPU.ActiveCfg = Debug|Any CPU
		{EA76FE97-1A71-4856-A202-8E9354585412}.Debug|Any CPU.Build.0 = Debug|Any CPU
		{EA76FE97-1A71-4856-A202-8E9354585412}.Release|Any CPU.ActiveCfg = Release|Any CPU
		{EA76FE97-1A71-4856-A202-8E9354585412}.Release|Any CPU.Build.0 = Release|Any CPU
	EndGlobalSection
	GlobalSection(SolutionProperties) = preSolution
		HideSolutionNode = FALSE
	EndGlobalSection
	GlobalSection(ExtensibilityGlobals) = postSolution
		SolutionGuid = {05B59A97-C9B9-4FEF-A62D-13457289259B}
	EndGlobalSection
EndGlobal
